// !$*UTF8*$!
{
	archiveVersion = 1;
	classes = {
	};
	objectVersion = 46;
	objects = {

/* Begin PBXBuildFile section */
		161153A218C029A600673FFC /* SFVenuePickerViewController.m in Sources */ = {isa = PBXBuildFile; fileRef = 161153A018C029A600673FFC /* SFVenuePickerViewController.m */; };
		161153A318C029A600673FFC /* SFVenuePickerViewController.xib in Resources */ = {isa = PBXBuildFile; fileRef = 161153A118C029A600673FFC /* SFVenuePickerViewController.xib */; };
		163494DD18B5AA440086D393 /* AudioToolbox.framework in Frameworks */ = {isa = PBXBuildFile; fileRef = 163494D418B5AA440086D393 /* AudioToolbox.framework */; };
		163494DE18B5AA440086D393 /* CFNetwork.framework in Frameworks */ = {isa = PBXBuildFile; fileRef = 163494D518B5AA440086D393 /* CFNetwork.framework */; };
		163494DF18B5AA440086D393 /* CoreLocation.framework in Frameworks */ = {isa = PBXBuildFile; fileRef = 163494D618B5AA440086D393 /* CoreLocation.framework */; };
		163494E018B5AA440086D393 /* libz.dylib in Frameworks */ = {isa = PBXBuildFile; fileRef = 163494D718B5AA440086D393 /* libz.dylib */; };
		163494E118B5AA440086D393 /* MobileCoreServices.framework in Frameworks */ = {isa = PBXBuildFile; fileRef = 163494D818B5AA440086D393 /* MobileCoreServices.framework */; };
		163494E218B5AA440086D393 /* QuartzCore.framework in Frameworks */ = {isa = PBXBuildFile; fileRef = 163494D918B5AA440086D393 /* QuartzCore.framework */; };
		163494E318B5AA440086D393 /* Security.framework in Frameworks */ = {isa = PBXBuildFile; fileRef = 163494DA18B5AA440086D393 /* Security.framework */; };
		163494E418B5AA440086D393 /* StoreKit.framework in Frameworks */ = {isa = PBXBuildFile; fileRef = 163494DB18B5AA440086D393 /* StoreKit.framework */; };
		163494E518B5AA440086D393 /* SystemConfiguration.framework in Frameworks */ = {isa = PBXBuildFile; fileRef = 163494DC18B5AA440086D393 /* SystemConfiguration.framework */; };
		16989A6218BC4D49004C9290 /* SFVote.m in Sources */ = {isa = PBXBuildFile; fileRef = 16989A6118BC4D49004C9290 /* SFVote.m */; };
		8E2E893718B559490078DB5B /* Foundation.framework in Frameworks */ = {isa = PBXBuildFile; fileRef = 8E2E893618B559490078DB5B /* Foundation.framework */; };
		8E2E893918B559490078DB5B /* CoreGraphics.framework in Frameworks */ = {isa = PBXBuildFile; fileRef = 8E2E893818B559490078DB5B /* CoreGraphics.framework */; };
		8E2E893B18B559490078DB5B /* UIKit.framework in Frameworks */ = {isa = PBXBuildFile; fileRef = 8E2E893A18B559490078DB5B /* UIKit.framework */; };
		8E2E894118B559490078DB5B /* InfoPlist.strings in Resources */ = {isa = PBXBuildFile; fileRef = 8E2E893F18B559490078DB5B /* InfoPlist.strings */; };
		8E2E894318B559490078DB5B /* main.m in Sources */ = {isa = PBXBuildFile; fileRef = 8E2E894218B559490078DB5B /* main.m */; };
		8E2E894718B559490078DB5B /* SFAppDelegate.m in Sources */ = {isa = PBXBuildFile; fileRef = 8E2E894618B559490078DB5B /* SFAppDelegate.m */; };
		8E2E894918B559490078DB5B /* Images.xcassets in Resources */ = {isa = PBXBuildFile; fileRef = 8E2E894818B559490078DB5B /* Images.xcassets */; };
		8E2E895018B559490078DB5B /* XCTest.framework in Frameworks */ = {isa = PBXBuildFile; fileRef = 8E2E894F18B559490078DB5B /* XCTest.framework */; };
		8E2E895118B559490078DB5B /* Foundation.framework in Frameworks */ = {isa = PBXBuildFile; fileRef = 8E2E893618B559490078DB5B /* Foundation.framework */; };
		8E2E895218B559490078DB5B /* UIKit.framework in Frameworks */ = {isa = PBXBuildFile; fileRef = 8E2E893A18B559490078DB5B /* UIKit.framework */; };
		8E2E895A18B559490078DB5B /* InfoPlist.strings in Resources */ = {isa = PBXBuildFile; fileRef = 8E2E895818B559490078DB5B /* InfoPlist.strings */; };
		8E2E895C18B559490078DB5B /* SqourFareTests.m in Sources */ = {isa = PBXBuildFile; fileRef = 8E2E895B18B559490078DB5B /* SqourFareTests.m */; };
		8E2E896E18B55CCB0078DB5B /* MealPlanView.xib in Resources */ = {isa = PBXBuildFile; fileRef = 8E2E896D18B55CCB0078DB5B /* MealPlanView.xib */; };
		8E2E89BA18B5996D0078DB5B /* SFLoginViewController.m in Sources */ = {isa = PBXBuildFile; fileRef = 8E2E89B818B5996D0078DB5B /* SFLoginViewController.m */; };
		8E2E89BB18B5996D0078DB5B /* SFLoginViewController.xib in Resources */ = {isa = PBXBuildFile; fileRef = 8E2E89B918B5996D0078DB5B /* SFLoginViewController.xib */; };
		8E2E89C418B59D210078DB5B /* SFHomeViewController.m in Sources */ = {isa = PBXBuildFile; fileRef = 8E2E89C218B59D210078DB5B /* SFHomeViewController.m */; };
		8E2E89C518B59D210078DB5B /* SFHomeViewController.xib in Resources */ = {isa = PBXBuildFile; fileRef = 8E2E89C318B59D210078DB5B /* SFHomeViewController.xib */; };
		8E2E89C818B5ABE40078DB5B /* SFEvent.m in Sources */ = {isa = PBXBuildFile; fileRef = 8E2E89C718B5ABE40078DB5B /* SFEvent.m */; };
		8EBA6F4D18BAB7E1001A5639 /* Parse.framework in Frameworks */ = {isa = PBXBuildFile; fileRef = 163494D218B5A94E0086D393 /* Parse.framework */; };
		8EBA6F4F18BAE3AB001A5639 /* SFHomeViewTableCell.xib in Resources */ = {isa = PBXBuildFile; fileRef = 8EBA6F4E18BAE3AB001A5639 /* SFHomeViewTableCell.xib */; };
		8EBA6F5218BAE999001A5639 /* SFHomeViewTableCell.m in Sources */ = {isa = PBXBuildFile; fileRef = 8EBA6F5118BAE999001A5639 /* SFHomeViewTableCell.m */; };
		8EBA6F5618BB053B001A5639 /* SFNewEventViewController.m in Sources */ = {isa = PBXBuildFile; fileRef = 8EBA6F5418BB053B001A5639 /* SFNewEventViewController.m */; };
		8EBA6F5718BB053B001A5639 /* SFNewEventViewController.xib in Resources */ = {isa = PBXBuildFile; fileRef = 8EBA6F5518BB053B001A5639 /* SFNewEventViewController.xib */; };
		8EBA6F6018BB1ACD001A5639 /* SFUser.m in Sources */ = {isa = PBXBuildFile; fileRef = 8EBA6F5F18BB1ACD001A5639 /* SFUser.m */; };
		8EBA6F6418BB2C4A001A5639 /* SFMealInviteViewController.m in Sources */ = {isa = PBXBuildFile; fileRef = 8EBA6F6218BB2C4A001A5639 /* SFMealInviteViewController.m */; };
		8EBA6F6518BB2C4B001A5639 /* SFMealInviteViewController.xib in Resources */ = {isa = PBXBuildFile; fileRef = 8EBA6F6318BB2C4A001A5639 /* SFMealInviteViewController.xib */; };
/* End PBXBuildFile section */

/* Begin PBXContainerItemProxy section */
		8E2E895318B559490078DB5B /* PBXContainerItemProxy */ = {
			isa = PBXContainerItemProxy;
			containerPortal = 8E2E892B18B559490078DB5B /* Project object */;
			proxyType = 1;
			remoteGlobalIDString = 8E2E893218B559490078DB5B;
			remoteInfo = SqourFare;
		};
/* End PBXContainerItemProxy section */

/* Begin PBXFileReference section */
		1611539F18C029A600673FFC /* SFVenuePickerViewController.h */ = {isa = PBXFileReference; fileEncoding = 4; lastKnownFileType = sourcecode.c.h; path = SFVenuePickerViewController.h; sourceTree = "<group>"; };
		161153A018C029A600673FFC /* SFVenuePickerViewController.m */ = {isa = PBXFileReference; fileEncoding = 4; lastKnownFileType = sourcecode.c.objc; path = SFVenuePickerViewController.m; sourceTree = "<group>"; };
		161153A118C029A600673FFC /* SFVenuePickerViewController.xib */ = {isa = PBXFileReference; fileEncoding = 4; lastKnownFileType = file.xib; path = SFVenuePickerViewController.xib; sourceTree = "<group>"; };
		163494D218B5A94E0086D393 /* Parse.framework */ = {isa = PBXFileReference; lastKnownFileType = wrapper.framework; path = Parse.framework; sourceTree = "<group>"; };
		163494D418B5AA440086D393 /* AudioToolbox.framework */ = {isa = PBXFileReference; lastKnownFileType = wrapper.framework; name = AudioToolbox.framework; path = System/Library/Frameworks/AudioToolbox.framework; sourceTree = SDKROOT; };
		163494D518B5AA440086D393 /* CFNetwork.framework */ = {isa = PBXFileReference; lastKnownFileType = wrapper.framework; name = CFNetwork.framework; path = System/Library/Frameworks/CFNetwork.framework; sourceTree = SDKROOT; };
		163494D618B5AA440086D393 /* CoreLocation.framework */ = {isa = PBXFileReference; lastKnownFileType = wrapper.framework; name = CoreLocation.framework; path = System/Library/Frameworks/CoreLocation.framework; sourceTree = SDKROOT; };
		163494D718B5AA440086D393 /* libz.dylib */ = {isa = PBXFileReference; lastKnownFileType = "compiled.mach-o.dylib"; name = libz.dylib; path = usr/lib/libz.dylib; sourceTree = SDKROOT; };
		163494D818B5AA440086D393 /* MobileCoreServices.framework */ = {isa = PBXFileReference; lastKnownFileType = wrapper.framework; name = MobileCoreServices.framework; path = System/Library/Frameworks/MobileCoreServices.framework; sourceTree = SDKROOT; };
		163494D918B5AA440086D393 /* QuartzCore.framework */ = {isa = PBXFileReference; lastKnownFileType = wrapper.framework; name = QuartzCore.framework; path = System/Library/Frameworks/QuartzCore.framework; sourceTree = SDKROOT; };
		163494DA18B5AA440086D393 /* Security.framework */ = {isa = PBXFileReference; lastKnownFileType = wrapper.framework; name = Security.framework; path = System/Library/Frameworks/Security.framework; sourceTree = SDKROOT; };
		163494DB18B5AA440086D393 /* StoreKit.framework */ = {isa = PBXFileReference; lastKnownFileType = wrapper.framework; name = StoreKit.framework; path = System/Library/Frameworks/StoreKit.framework; sourceTree = SDKROOT; };
		163494DC18B5AA440086D393 /* SystemConfiguration.framework */ = {isa = PBXFileReference; lastKnownFileType = wrapper.framework; name = SystemConfiguration.framework; path = System/Library/Frameworks/SystemConfiguration.framework; sourceTree = SDKROOT; };
		16989A6018BC4D49004C9290 /* SFVote.h */ = {isa = PBXFileReference; fileEncoding = 4; lastKnownFileType = sourcecode.c.h; path = SFVote.h; sourceTree = "<group>"; };
		16989A6118BC4D49004C9290 /* SFVote.m */ = {isa = PBXFileReference; fileEncoding = 4; lastKnownFileType = sourcecode.c.objc; path = SFVote.m; sourceTree = "<group>"; };
		8E2E893318B559490078DB5B /* SqourFare.app */ = {isa = PBXFileReference; explicitFileType = wrapper.application; includeInIndex = 0; path = SqourFare.app; sourceTree = BUILT_PRODUCTS_DIR; };
		8E2E893618B559490078DB5B /* Foundation.framework */ = {isa = PBXFileReference; lastKnownFileType = wrapper.framework; name = Foundation.framework; path = System/Library/Frameworks/Foundation.framework; sourceTree = SDKROOT; };
		8E2E893818B559490078DB5B /* CoreGraphics.framework */ = {isa = PBXFileReference; lastKnownFileType = wrapper.framework; name = CoreGraphics.framework; path = System/Library/Frameworks/CoreGraphics.framework; sourceTree = SDKROOT; };
		8E2E893A18B559490078DB5B /* UIKit.framework */ = {isa = PBXFileReference; lastKnownFileType = wrapper.framework; name = UIKit.framework; path = System/Library/Frameworks/UIKit.framework; sourceTree = SDKROOT; };
		8E2E893E18B559490078DB5B /* SqourFare-Info.plist */ = {isa = PBXFileReference; lastKnownFileType = text.plist.xml; path = "SqourFare-Info.plist"; sourceTree = "<group>"; };
		8E2E894018B559490078DB5B /* en */ = {isa = PBXFileReference; lastKnownFileType = text.plist.strings; name = en; path = en.lproj/InfoPlist.strings; sourceTree = "<group>"; };
		8E2E894218B559490078DB5B /* main.m */ = {isa = PBXFileReference; lastKnownFileType = sourcecode.c.objc; path = main.m; sourceTree = "<group>"; };
		8E2E894418B559490078DB5B /* SqourFare-Prefix.pch */ = {isa = PBXFileReference; lastKnownFileType = sourcecode.c.h; path = "SqourFare-Prefix.pch"; sourceTree = "<group>"; };
		8E2E894518B559490078DB5B /* SFAppDelegate.h */ = {isa = PBXFileReference; lastKnownFileType = sourcecode.c.h; path = SFAppDelegate.h; sourceTree = "<group>"; };
		8E2E894618B559490078DB5B /* SFAppDelegate.m */ = {isa = PBXFileReference; lastKnownFileType = sourcecode.c.objc; path = SFAppDelegate.m; sourceTree = "<group>"; };
		8E2E894818B559490078DB5B /* Images.xcassets */ = {isa = PBXFileReference; lastKnownFileType = folder.assetcatalog; path = Images.xcassets; sourceTree = "<group>"; };
		8E2E894E18B559490078DB5B /* SqourFareTests.xctest */ = {isa = PBXFileReference; explicitFileType = wrapper.cfbundle; includeInIndex = 0; path = SqourFareTests.xctest; sourceTree = BUILT_PRODUCTS_DIR; };
		8E2E894F18B559490078DB5B /* XCTest.framework */ = {isa = PBXFileReference; lastKnownFileType = wrapper.framework; name = XCTest.framework; path = Library/Frameworks/XCTest.framework; sourceTree = DEVELOPER_DIR; };
		8E2E895718B559490078DB5B /* SqourFareTests-Info.plist */ = {isa = PBXFileReference; lastKnownFileType = text.plist.xml; path = "SqourFareTests-Info.plist"; sourceTree = "<group>"; };
		8E2E895918B559490078DB5B /* en */ = {isa = PBXFileReference; lastKnownFileType = text.plist.strings; name = en; path = en.lproj/InfoPlist.strings; sourceTree = "<group>"; };
		8E2E895B18B559490078DB5B /* SqourFareTests.m */ = {isa = PBXFileReference; lastKnownFileType = sourcecode.c.objc; path = SqourFareTests.m; sourceTree = "<group>"; };
		8E2E896D18B55CCB0078DB5B /* MealPlanView.xib */ = {isa = PBXFileReference; fileEncoding = 4; lastKnownFileType = file.xib; name = MealPlanView.xib; path = ../MealPlanView.xib; sourceTree = "<group>"; };
		8E2E89B718B5996D0078DB5B /* SFLoginViewController.h */ = {isa = PBXFileReference; fileEncoding = 4; lastKnownFileType = sourcecode.c.h; path = SFLoginViewController.h; sourceTree = "<group>"; };
		8E2E89B818B5996D0078DB5B /* SFLoginViewController.m */ = {isa = PBXFileReference; fileEncoding = 4; lastKnownFileType = sourcecode.c.objc; path = SFLoginViewController.m; sourceTree = "<group>"; };
		8E2E89B918B5996D0078DB5B /* SFLoginViewController.xib */ = {isa = PBXFileReference; fileEncoding = 4; lastKnownFileType = file.xib; path = SFLoginViewController.xib; sourceTree = "<group>"; };
		8E2E89C118B59D210078DB5B /* SFHomeViewController.h */ = {isa = PBXFileReference; fileEncoding = 4; lastKnownFileType = sourcecode.c.h; path = SFHomeViewController.h; sourceTree = "<group>"; };
		8E2E89C218B59D210078DB5B /* SFHomeViewController.m */ = {isa = PBXFileReference; fileEncoding = 4; lastKnownFileType = sourcecode.c.objc; path = SFHomeViewController.m; sourceTree = "<group>"; };
		8E2E89C318B59D210078DB5B /* SFHomeViewController.xib */ = {isa = PBXFileReference; fileEncoding = 4; lastKnownFileType = file.xib; path = SFHomeViewController.xib; sourceTree = "<group>"; };
		8E2E89C618B5ABE40078DB5B /* SFEvent.h */ = {isa = PBXFileReference; fileEncoding = 4; lastKnownFileType = sourcecode.c.h; path = SFEvent.h; sourceTree = "<group>"; };
		8E2E89C718B5ABE40078DB5B /* SFEvent.m */ = {isa = PBXFileReference; fileEncoding = 4; lastKnownFileType = sourcecode.c.objc; path = SFEvent.m; sourceTree = "<group>"; };
		8EBA6F4E18BAE3AB001A5639 /* SFHomeViewTableCell.xib */ = {isa = PBXFileReference; fileEncoding = 4; lastKnownFileType = file.xib; path = SFHomeViewTableCell.xib; sourceTree = "<group>"; };
		8EBA6F5018BAE999001A5639 /* SFHomeViewTableCell.h */ = {isa = PBXFileReference; fileEncoding = 4; lastKnownFileType = sourcecode.c.h; path = SFHomeViewTableCell.h; sourceTree = "<group>"; };
		8EBA6F5118BAE999001A5639 /* SFHomeViewTableCell.m */ = {isa = PBXFileReference; fileEncoding = 4; lastKnownFileType = sourcecode.c.objc; path = SFHomeViewTableCell.m; sourceTree = "<group>"; };
		8EBA6F5318BB053B001A5639 /* SFNewEventViewController.h */ = {isa = PBXFileReference; fileEncoding = 4; lastKnownFileType = sourcecode.c.h; path = SFNewEventViewController.h; sourceTree = "<group>"; };
		8EBA6F5418BB053B001A5639 /* SFNewEventViewController.m */ = {isa = PBXFileReference; fileEncoding = 4; lastKnownFileType = sourcecode.c.objc; path = SFNewEventViewController.m; sourceTree = "<group>"; };
		8EBA6F5518BB053B001A5639 /* SFNewEventViewController.xib */ = {isa = PBXFileReference; fileEncoding = 4; lastKnownFileType = file.xib; path = SFNewEventViewController.xib; sourceTree = "<group>"; };
		8EBA6F5E18BB1ACD001A5639 /* SFUser.h */ = {isa = PBXFileReference; fileEncoding = 4; lastKnownFileType = sourcecode.c.h; path = SFUser.h; sourceTree = "<group>"; };
		8EBA6F5F18BB1ACD001A5639 /* SFUser.m */ = {isa = PBXFileReference; fileEncoding = 4; lastKnownFileType = sourcecode.c.objc; path = SFUser.m; sourceTree = "<group>"; };
		8EBA6F6118BB2C4A001A5639 /* SFMealInviteViewController.h */ = {isa = PBXFileReference; fileEncoding = 4; lastKnownFileType = sourcecode.c.h; path = SFMealInviteViewController.h; sourceTree = "<group>"; };
		8EBA6F6218BB2C4A001A5639 /* SFMealInviteViewController.m */ = {isa = PBXFileReference; fileEncoding = 4; lastKnownFileType = sourcecode.c.objc; path = SFMealInviteViewController.m; sourceTree = "<group>"; };
		8EBA6F6318BB2C4A001A5639 /* SFMealInviteViewController.xib */ = {isa = PBXFileReference; fileEncoding = 4; lastKnownFileType = file.xib; path = SFMealInviteViewController.xib; sourceTree = "<group>"; };
/* End PBXFileReference section */

/* Begin PBXFrameworksBuildPhase section */
		8E2E893018B559490078DB5B /* Frameworks */ = {
			isa = PBXFrameworksBuildPhase;
			buildActionMask = 2147483647;
			files = (
				8EBA6F4D18BAB7E1001A5639 /* Parse.framework in Frameworks */,
				163494DD18B5AA440086D393 /* AudioToolbox.framework in Frameworks */,
				163494DE18B5AA440086D393 /* CFNetwork.framework in Frameworks */,
				163494DF18B5AA440086D393 /* CoreLocation.framework in Frameworks */,
				163494E018B5AA440086D393 /* libz.dylib in Frameworks */,
				163494E118B5AA440086D393 /* MobileCoreServices.framework in Frameworks */,
				163494E218B5AA440086D393 /* QuartzCore.framework in Frameworks */,
				163494E318B5AA440086D393 /* Security.framework in Frameworks */,
				163494E418B5AA440086D393 /* StoreKit.framework in Frameworks */,
				163494E518B5AA440086D393 /* SystemConfiguration.framework in Frameworks */,
				8E2E893918B559490078DB5B /* CoreGraphics.framework in Frameworks */,
				8E2E893B18B559490078DB5B /* UIKit.framework in Frameworks */,
				8E2E893718B559490078DB5B /* Foundation.framework in Frameworks */,
			);
			runOnlyForDeploymentPostprocessing = 0;
		};
		8E2E894B18B559490078DB5B /* Frameworks */ = {
			isa = PBXFrameworksBuildPhase;
			buildActionMask = 2147483647;
			files = (
				8E2E895018B559490078DB5B /* XCTest.framework in Frameworks */,
				8E2E895218B559490078DB5B /* UIKit.framework in Frameworks */,
				8E2E895118B559490078DB5B /* Foundation.framework in Frameworks */,
			);
			runOnlyForDeploymentPostprocessing = 0;
		};
/* End PBXFrameworksBuildPhase section */

/* Begin PBXGroup section */
		8E2E892A18B559490078DB5B = {
			isa = PBXGroup;
			children = (
				163494D218B5A94E0086D393 /* Parse.framework */,
				8E2E893C18B559490078DB5B /* SqourFare */,
				8E2E895518B559490078DB5B /* SqourFareTests */,
				8E2E893518B559490078DB5B /* Frameworks */,
				8E2E893418B559490078DB5B /* Products */,
			);
			sourceTree = "<group>";
		};
		8E2E893418B559490078DB5B /* Products */ = {
			isa = PBXGroup;
			children = (
				8E2E893318B559490078DB5B /* SqourFare.app */,
				8E2E894E18B559490078DB5B /* SqourFareTests.xctest */,
			);
			name = Products;
			sourceTree = "<group>";
		};
		8E2E893518B559490078DB5B /* Frameworks */ = {
			isa = PBXGroup;
			children = (
				163494D418B5AA440086D393 /* AudioToolbox.framework */,
				163494D518B5AA440086D393 /* CFNetwork.framework */,
				163494D618B5AA440086D393 /* CoreLocation.framework */,
				163494D718B5AA440086D393 /* libz.dylib */,
				163494D818B5AA440086D393 /* MobileCoreServices.framework */,
				163494D918B5AA440086D393 /* QuartzCore.framework */,
				163494DA18B5AA440086D393 /* Security.framework */,
				163494DB18B5AA440086D393 /* StoreKit.framework */,
				163494DC18B5AA440086D393 /* SystemConfiguration.framework */,
				8E2E893618B559490078DB5B /* Foundation.framework */,
				8E2E893818B559490078DB5B /* CoreGraphics.framework */,
				8E2E893A18B559490078DB5B /* UIKit.framework */,
				8E2E894F18B559490078DB5B /* XCTest.framework */,
			);
			name = Frameworks;
			sourceTree = "<group>";
		};
		8E2E893C18B559490078DB5B /* SqourFare */ = {
			isa = PBXGroup;
			children = (
				8E2E894818B559490078DB5B /* Images.xcassets */,
				8E2E896D18B55CCB0078DB5B /* MealPlanView.xib */,
				8E2E894518B559490078DB5B /* SFAppDelegate.h */,
				8E2E894618B559490078DB5B /* SFAppDelegate.m */,
				8E2E89C618B5ABE40078DB5B /* SFEvent.h */,
				8E2E89C718B5ABE40078DB5B /* SFEvent.m */,
				8E2E89C118B59D210078DB5B /* SFHomeViewController.h */,
				8E2E89C218B59D210078DB5B /* SFHomeViewController.m */,
				8E2E89C318B59D210078DB5B /* SFHomeViewController.xib */,
				8EBA6F5018BAE999001A5639 /* SFHomeViewTableCell.h */,
				8EBA6F5118BAE999001A5639 /* SFHomeViewTableCell.m */,
				8EBA6F4E18BAE3AB001A5639 /* SFHomeViewTableCell.xib */,
				8E2E89B718B5996D0078DB5B /* SFLoginViewController.h */,
				8E2E89B818B5996D0078DB5B /* SFLoginViewController.m */,
				8E2E89B918B5996D0078DB5B /* SFLoginViewController.xib */,
				8EBA6F6118BB2C4A001A5639 /* SFMealInviteViewController.h */,
				8EBA6F6218BB2C4A001A5639 /* SFMealInviteViewController.m */,
				8EBA6F6318BB2C4A001A5639 /* SFMealInviteViewController.xib */,
				8EBA6F5318BB053B001A5639 /* SFNewEventViewController.h */,
				8EBA6F5418BB053B001A5639 /* SFNewEventViewController.m */,
				8EBA6F5518BB053B001A5639 /* SFNewEventViewController.xib */,
				8EBA6F5E18BB1ACD001A5639 /* SFUser.h */,
				8EBA6F5F18BB1ACD001A5639 /* SFUser.m */,
				1611539F18C029A600673FFC /* SFVenuePickerViewController.h */,
				161153A018C029A600673FFC /* SFVenuePickerViewController.m */,
				161153A118C029A600673FFC /* SFVenuePickerViewController.xib */,
				16989A6018BC4D49004C9290 /* SFVote.h */,
				16989A6118BC4D49004C9290 /* SFVote.m */,
				8E2E893D18B559490078DB5B /* Supporting Files */,
				8E2E896D18B55CCB0078DB5B /* MealPlanView.xib */,
				8E2E894518B559490078DB5B /* SFAppDelegate.h */,
				8E2E894618B559490078DB5B /* SFAppDelegate.m */,
				8E2E894818B559490078DB5B /* Images.xcassets */,
				8E2E893D18B559490078DB5B /* Supporting Files */,
			);
			path = SqourFare;
			sourceTree = "<group>";
		};
		8E2E893D18B559490078DB5B /* Supporting Files */ = {
			isa = PBXGroup;
			children = (
				8E2E893E18B559490078DB5B /* SqourFare-Info.plist */,
				8E2E893F18B559490078DB5B /* InfoPlist.strings */,
				8E2E894218B559490078DB5B /* main.m */,
				8E2E894418B559490078DB5B /* SqourFare-Prefix.pch */,
			);
			name = "Supporting Files";
			sourceTree = "<group>";
		};
		8E2E895518B559490078DB5B /* SqourFareTests */ = {
			isa = PBXGroup;
			children = (
				8E2E895B18B559490078DB5B /* SqourFareTests.m */,
				8E2E895618B559490078DB5B /* Supporting Files */,
			);
			path = SqourFareTests;
			sourceTree = "<group>";
		};
		8E2E895618B559490078DB5B /* Supporting Files */ = {
			isa = PBXGroup;
			children = (
				8E2E895718B559490078DB5B /* SqourFareTests-Info.plist */,
				8E2E895818B559490078DB5B /* InfoPlist.strings */,
			);
			name = "Supporting Files";
			sourceTree = "<group>";
		};
/* End PBXGroup section */

/* Begin PBXNativeTarget section */
		8E2E893218B559490078DB5B /* SqourFare */ = {
			isa = PBXNativeTarget;
			buildConfigurationList = 8E2E895F18B559490078DB5B /* Build configuration list for PBXNativeTarget "SqourFare" */;
			buildPhases = (
				8E2E892F18B559490078DB5B /* Sources */,
				8E2E893018B559490078DB5B /* Frameworks */,
				8E2E893118B559490078DB5B /* Resources */,
			);
			buildRules = (
			);
			dependencies = (
			);
			name = SqourFare;
			productName = SqourFare;
			productReference = 8E2E893318B559490078DB5B /* SqourFare.app */;
			productType = "com.apple.product-type.application";
		};
		8E2E894D18B559490078DB5B /* SqourFareTests */ = {
			isa = PBXNativeTarget;
			buildConfigurationList = 8E2E896218B559490078DB5B /* Build configuration list for PBXNativeTarget "SqourFareTests" */;
			buildPhases = (
				8E2E894A18B559490078DB5B /* Sources */,
				8E2E894B18B559490078DB5B /* Frameworks */,
				8E2E894C18B559490078DB5B /* Resources */,
			);
			buildRules = (
			);
			dependencies = (
				8E2E895418B559490078DB5B /* PBXTargetDependency */,
			);
			name = SqourFareTests;
			productName = SqourFareTests;
			productReference = 8E2E894E18B559490078DB5B /* SqourFareTests.xctest */;
			productType = "com.apple.product-type.bundle.unit-test";
		};
/* End PBXNativeTarget section */

/* Begin PBXProject section */
		8E2E892B18B559490078DB5B /* Project object */ = {
			isa = PBXProject;
			attributes = {
				CLASSPREFIX = SF;
				LastUpgradeCheck = 0500;
				ORGANIZATIONNAME = whyte.tanner;
				TargetAttributes = {
					8E2E893218B559490078DB5B = {
						DevelopmentTeam = 9VUC3R8D65;
					};
					8E2E894D18B559490078DB5B = {
						TestTargetID = 8E2E893218B559490078DB5B;
					};
				};
			};
			buildConfigurationList = 8E2E892E18B559490078DB5B /* Build configuration list for PBXProject "SqourFare" */;
			compatibilityVersion = "Xcode 3.2";
			developmentRegion = English;
			hasScannedForEncodings = 0;
			knownRegions = (
				en,
			);
			mainGroup = 8E2E892A18B559490078DB5B;
			productRefGroup = 8E2E893418B559490078DB5B /* Products */;
			projectDirPath = "";
			projectRoot = "";
			targets = (
				8E2E893218B559490078DB5B /* SqourFare */,
				8E2E894D18B559490078DB5B /* SqourFareTests */,
			);
		};
/* End PBXProject section */

/* Begin PBXResourcesBuildPhase section */
		8E2E893118B559490078DB5B /* Resources */ = {
			isa = PBXResourcesBuildPhase;
			buildActionMask = 2147483647;
			files = (
				8E2E894118B559490078DB5B /* InfoPlist.strings in Resources */,
				8E2E89BB18B5996D0078DB5B /* SFLoginViewController.xib in Resources */,
				8EBA6F5718BB053B001A5639 /* SFNewEventViewController.xib in Resources */,
				8EBA6F6518BB2C4B001A5639 /* SFMealInviteViewController.xib in Resources */,
				8E2E894918B559490078DB5B /* Images.xcassets in Resources */,
				8EBA6F4F18BAE3AB001A5639 /* SFHomeViewTableCell.xib in Resources */,
				8E2E896E18B55CCB0078DB5B /* MealPlanView.xib in Resources */,
				161153A318C029A600673FFC /* SFVenuePickerViewController.xib in Resources */,
				8E2E89C518B59D210078DB5B /* SFHomeViewController.xib in Resources */,
			);
			runOnlyForDeploymentPostprocessing = 0;
		};
		8E2E894C18B559490078DB5B /* Resources */ = {
			isa = PBXResourcesBuildPhase;
			buildActionMask = 2147483647;
			files = (
				8E2E895A18B559490078DB5B /* InfoPlist.strings in Resources */,
			);
			runOnlyForDeploymentPostprocessing = 0;
		};
/* End PBXResourcesBuildPhase section */

/* Begin PBXSourcesBuildPhase section */
		8E2E892F18B559490078DB5B /* Sources */ = {
			isa = PBXSourcesBuildPhase;
			buildActionMask = 2147483647;
			files = (
				16989A6218BC4D49004C9290 /* SFVote.m in Sources */,
				8EBA6F5618BB053B001A5639 /* SFNewEventViewController.m in Sources */,
				161153A218C029A600673FFC /* SFVenuePickerViewController.m in Sources */,
				8E2E89BA18B5996D0078DB5B /* SFLoginViewController.m in Sources */,
				8EBA6F5218BAE999001A5639 /* SFHomeViewTableCell.m in Sources */,
				8E2E894318B559490078DB5B /* main.m in Sources */,
				8E2E89C418B59D210078DB5B /* SFHomeViewController.m in Sources */,
				8E2E89C818B5ABE40078DB5B /* SFEvent.m in Sources */,
				8EBA6F6418BB2C4A001A5639 /* SFMealInviteViewController.m in Sources */,
				8EBA6F6018BB1ACD001A5639 /* SFUser.m in Sources */,
				8E2E894718B559490078DB5B /* SFAppDelegate.m in Sources */,
			);
			runOnlyForDeploymentPostprocessing = 0;
		};
		8E2E894A18B559490078DB5B /* Sources */ = {
			isa = PBXSourcesBuildPhase;
			buildActionMask = 2147483647;
			files = (
				8E2E895C18B559490078DB5B /* SqourFareTests.m in Sources */,
			);
			runOnlyForDeploymentPostprocessing = 0;
		};
/* End PBXSourcesBuildPhase section */

/* Begin PBXTargetDependency section */
		8E2E895418B559490078DB5B /* PBXTargetDependency */ = {
			isa = PBXTargetDependency;
			target = 8E2E893218B559490078DB5B /* SqourFare */;
			targetProxy = 8E2E895318B559490078DB5B /* PBXContainerItemProxy */;
		};
/* End PBXTargetDependency section */

/* Begin PBXVariantGroup section */
		8E2E893F18B559490078DB5B /* InfoPlist.strings */ = {
			isa = PBXVariantGroup;
			children = (
				8E2E894018B559490078DB5B /* en */,
			);
			name = InfoPlist.strings;
			sourceTree = "<group>";
		};
		8E2E895818B559490078DB5B /* InfoPlist.strings */ = {
			isa = PBXVariantGroup;
			children = (
				8E2E895918B559490078DB5B /* en */,
			);
			name = InfoPlist.strings;
			sourceTree = "<group>";
		};
/* End PBXVariantGroup section */

/* Begin XCBuildConfiguration section */
		8E2E895D18B559490078DB5B /* Debug */ = {
			isa = XCBuildConfiguration;
			buildSettings = {
				ALWAYS_SEARCH_USER_PATHS = NO;
				ARCHS = "$(ARCHS_STANDARD_INCLUDING_64_BIT)";
				CLANG_CXX_LANGUAGE_STANDARD = "gnu++0x";
				CLANG_CXX_LIBRARY = "libc++";
				CLANG_ENABLE_MODULES = YES;
				CLANG_ENABLE_OBJC_ARC = YES;
				CLANG_WARN_BOOL_CONVERSION = YES;
				CLANG_WARN_CONSTANT_CONVERSION = YES;
				CLANG_WARN_DIRECT_OBJC_ISA_USAGE = YES_ERROR;
				CLANG_WARN_EMPTY_BODY = YES;
				CLANG_WARN_ENUM_CONVERSION = YES;
				CLANG_WARN_INT_CONVERSION = YES;
				CLANG_WARN_OBJC_ROOT_CLASS = YES_ERROR;
				CLANG_WARN__DUPLICATE_METHOD_MATCH = YES;
				"CODE_SIGN_IDENTITY[sdk=iphoneos*]" = "iPhone Developer";
				COPY_PHASE_STRIP = NO;
				GCC_C_LANGUAGE_STANDARD = gnu99;
				GCC_DYNAMIC_NO_PIC = NO;
				GCC_OPTIMIZATION_LEVEL = 0;
				GCC_PREPROCESSOR_DEFINITIONS = (
					"DEBUG=1",
					"$(inherited)",
				);
				GCC_SYMBOLS_PRIVATE_EXTERN = NO;
				GCC_WARN_64_TO_32_BIT_CONVERSION = YES;
				GCC_WARN_ABOUT_RETURN_TYPE = YES_ERROR;
				GCC_WARN_UNDECLARED_SELECTOR = YES;
				GCC_WARN_UNINITIALIZED_AUTOS = YES;
				GCC_WARN_UNUSED_FUNCTION = YES;
				GCC_WARN_UNUSED_VARIABLE = YES;
				IPHONEOS_DEPLOYMENT_TARGET = 7.0;
				ONLY_ACTIVE_ARCH = YES;
				SDKROOT = iphoneos;
			};
			name = Debug;
		};
		8E2E895E18B559490078DB5B /* Release */ = {
			isa = XCBuildConfiguration;
			buildSettings = {
				ALWAYS_SEARCH_USER_PATHS = NO;
				ARCHS = "$(ARCHS_STANDARD_INCLUDING_64_BIT)";
				CLANG_CXX_LANGUAGE_STANDARD = "gnu++0x";
				CLANG_CXX_LIBRARY = "libc++";
				CLANG_ENABLE_MODULES = YES;
				CLANG_ENABLE_OBJC_ARC = YES;
				CLANG_WARN_BOOL_CONVERSION = YES;
				CLANG_WARN_CONSTANT_CONVERSION = YES;
				CLANG_WARN_DIRECT_OBJC_ISA_USAGE = YES_ERROR;
				CLANG_WARN_EMPTY_BODY = YES;
				CLANG_WARN_ENUM_CONVERSION = YES;
				CLANG_WARN_INT_CONVERSION = YES;
				CLANG_WARN_OBJC_ROOT_CLASS = YES_ERROR;
				CLANG_WARN__DUPLICATE_METHOD_MATCH = YES;
				"CODE_SIGN_IDENTITY[sdk=iphoneos*]" = "iPhone Developer";
				COPY_PHASE_STRIP = YES;
				ENABLE_NS_ASSERTIONS = NO;
				GCC_C_LANGUAGE_STANDARD = gnu99;
				GCC_WARN_64_TO_32_BIT_CONVERSION = YES;
				GCC_WARN_ABOUT_RETURN_TYPE = YES_ERROR;
				GCC_WARN_UNDECLARED_SELECTOR = YES;
				GCC_WARN_UNINITIALIZED_AUTOS = YES;
				GCC_WARN_UNUSED_FUNCTION = YES;
				GCC_WARN_UNUSED_VARIABLE = YES;
				IPHONEOS_DEPLOYMENT_TARGET = 7.0;
				SDKROOT = iphoneos;
				VALIDATE_PRODUCT = YES;
			};
			name = Release;
		};
		8E2E896018B559490078DB5B /* Debug */ = {
			isa = XCBuildConfiguration;
			buildSettings = {
				ASSETCATALOG_COMPILER_APPICON_NAME = AppIcon;
				ASSETCATALOG_COMPILER_LAUNCHIMAGE_NAME = LaunchImage;
				CODE_SIGN_IDENTITY = "iPhone Developer";
				"CODE_SIGN_IDENTITY[sdk=iphoneos*]" = "iPhone Developer";
				FRAMEWORK_SEARCH_PATHS = (
					"$(inherited)",
					/Users/jacob/Dropbox/Documents/Classes/98/222/SqourFuare,
					/Users/thwhyte/Documents/workspace/SqourFare,
				);
				GCC_PRECOMPILE_PREFIX_HEADER = YES;
				GCC_PREFIX_HEADER = "SqourFare/SqourFare-Prefix.pch";
				INFOPLIST_FILE = "SqourFare/SqourFare-Info.plist";
				PRODUCT_NAME = "$(TARGET_NAME)";
				PROVISIONING_PROFILE = "";
				WRAPPER_EXTENSION = app;
			};
			name = Debug;
		};
		8E2E896118B559490078DB5B /* Release */ = {
			isa = XCBuildConfiguration;
			buildSettings = {
				ASSETCATALOG_COMPILER_APPICON_NAME = AppIcon;
				ASSETCATALOG_COMPILER_LAUNCHIMAGE_NAME = LaunchImage;
				CODE_SIGN_IDENTITY = "iPhone Developer";
				"CODE_SIGN_IDENTITY[sdk=iphoneos*]" = "iPhone Developer";
				FRAMEWORK_SEARCH_PATHS = (
					"$(inherited)",
					/Users/jacob/Dropbox/Documents/Classes/98/222/SqourFuare,
					/Users/thwhyte/Documents/workspace/SqourFare,
				);
				GCC_PRECOMPILE_PREFIX_HEADER = YES;
				GCC_PREFIX_HEADER = "SqourFare/SqourFare-Prefix.pch";
				INFOPLIST_FILE = "SqourFare/SqourFare-Info.plist";
				PRODUCT_NAME = "$(TARGET_NAME)";
				PROVISIONING_PROFILE = "";
				WRAPPER_EXTENSION = app;
			};
			name = Release;
		};
		8E2E896318B559490078DB5B /* Debug */ = {
			isa = XCBuildConfiguration;
			buildSettings = {
				ARCHS = "$(ARCHS_STANDARD_INCLUDING_64_BIT)";
				BUNDLE_LOADER = "$(BUILT_PRODUCTS_DIR)/SqourFare.app/SqourFare";
				FRAMEWORK_SEARCH_PATHS = (
					"$(SDKROOT)/Developer/Library/Frameworks",
					"$(inherited)",
					"$(DEVELOPER_FRAMEWORKS_DIR)",
				);
				GCC_PRECOMPILE_PREFIX_HEADER = YES;
				GCC_PREFIX_HEADER = "SqourFare/SqourFare-Prefix.pch";
				GCC_PREPROCESSOR_DEFINITIONS = (
					"DEBUG=1",
					"$(inherited)",
				);
				INFOPLIST_FILE = "SqourFareTests/SqourFareTests-Info.plist";
				PRODUCT_NAME = "$(TARGET_NAME)";
				TEST_HOST = "$(BUNDLE_LOADER)";
				WRAPPER_EXTENSION = xctest;
			};
			name = Debug;
		};
		8E2E896418B559490078DB5B /* Release */ = {
			isa = XCBuildConfiguration;
			buildSettings = {
				ARCHS = "$(ARCHS_STANDARD_INCLUDING_64_BIT)";
				BUNDLE_LOADER = "$(BUILT_PRODUCTS_DIR)/SqourFare.app/SqourFare";
				FRAMEWORK_SEARCH_PATHS = (
					"$(SDKROOT)/Developer/Library/Frameworks",
					"$(inherited)",
					"$(DEVELOPER_FRAMEWORKS_DIR)",
				);
				GCC_PRECOMPILE_PREFIX_HEADER = YES;
				GCC_PREFIX_HEADER = "SqourFare/SqourFare-Prefix.pch";
				INFOPLIST_FILE = "SqourFareTests/SqourFareTests-Info.plist";
				PRODUCT_NAME = "$(TARGET_NAME)";
				TEST_HOST = "$(BUNDLE_LOADER)";
				WRAPPER_EXTENSION = xctest;
			};
			name = Release;
		};
/* End XCBuildConfiguration section */

/* Begin XCConfigurationList section */
		8E2E892E18B559490078DB5B /* Build configuration list for PBXProject "SqourFare" */ = {
			isa = XCConfigurationList;
			buildConfigurations = (
				8E2E895D18B559490078DB5B /* Debug */,
				8E2E895E18B559490078DB5B /* Release */,
			);
			defaultConfigurationIsVisible = 0;
			defaultConfigurationName = Release;
		};
		8E2E895F18B559490078DB5B /* Build configuration list for PBXNativeTarget "SqourFare" */ = {
			isa = XCConfigurationList;
			buildConfigurations = (
				8E2E896018B559490078DB5B /* Debug */,
				8E2E896118B559490078DB5B /* Release */,
			);
			defaultConfigurationIsVisible = 0;
			defaultConfigurationName = Release;
		};
		8E2E896218B559490078DB5B /* Build configuration list for PBXNativeTarget "SqourFareTests" */ = {
			isa = XCConfigurationList;
			buildConfigurations = (
				8E2E896318B559490078DB5B /* Debug */,
				8E2E896418B559490078DB5B /* Release */,
			);
			defaultConfigurationIsVisible = 0;
			defaultConfigurationName = Release;
		};
/* End XCConfigurationList section */
	};
	rootObject = 8E2E892B18B559490078DB5B /* Project object */;
}
